
Microsoft Visual Studio Solution File, Format Version 12.00
# Visual Studio Version 17
VisualStudioVersion = 17.13.35931.197 d17.13
MinimumVisualStudioVersion = 10.0.40219.1
Project("{FAE04EC0-301F-11D3-BF4B-00C04F79EFBC}") = "SchedulingAPI", "SchedulingAPI.csproj", "{15C05D3A-C8B4-4998-9100-A1DBF72C3C37}"
EndProject
Project("{FAE04EC0-301F-11D3-BF4B-00C04F79EFBC}") = "SchedulingAPI.UnitTests", "..\SchedulingAPI.UnitTests\SchedulingAPI.UnitTests.csproj", "{1B11797C-7679-4EB7-A075-3BFD8D244750}"
EndProject
Global
	GlobalSection(SolutionConfigurationPlatforms) = preSolution
		Debug|Any CPU = Debug|Any CPU
		Release|Any CPU = Release|Any CPU
	EndGlobalSection
	GlobalSection(ProjectConfigurationPlatforms) = postSolution
		{15C05D3A-C8B4-4998-9100-A1DBF72C3C37}.Debug|Any CPU.ActiveCfg = Debug|Any CPU
		{15C05D3A-C8B4-4998-9100-A1DBF72C3C37}.Debug|Any CPU.Build.0 = Debug|Any CPU
		{15C05D3A-C8B4-4998-9100-A1DBF72C3C37}.Release|Any CPU.ActiveCfg = Release|Any CPU
		{15C05D3A-C8B4-4998-9100-A1DBF72C3C37}.Release|Any CPU.Build.0 = Release|Any CPU
		{1B11797C-7679-4EB7-A075-3BFD8D244750}.Debug|Any CPU.ActiveCfg = Debug|Any CPU
		{1B11797C-7679-4EB7-A075-3BFD8D244750}.Debug|Any CPU.Build.0 = Debug|Any CPU
		{1B11797C-7679-4EB7-A075-3BFD8D244750}.Release|Any CPU.ActiveCfg = Release|Any CPU
		{1B11797C-7679-4EB7-A075-3BFD8D244750}.Release|Any CPU.Build.0 = Release|Any CPU
	EndGlobalSection
	GlobalSection(SolutionProperties) = preSolution
		HideSolutionNode = FALSE
	EndGlobalSection
	GlobalSection(ExtensibilityGlobals) = postSolution
		SolutionGuid = {F1FCEC8A-21C7-4FFF-AFE2-752B1F4C91DC}
	EndGlobalSection
EndGlobal
